// !$*UTF8*$!
{
	archiveVersion = 1;
	classes = {
	};
	objectVersion = 46;
	objects = {

/* Begin PBXBuildFile section */
		426DF84D1D081E930032373A /* AppDelegate.swift in Sources */ = {isa = PBXBuildFile; fileRef = 426DF84C1D081E930032373A /* AppDelegate.swift */; };
		426DF84F1D081E930032373A /* ViewController.swift in Sources */ = {isa = PBXBuildFile; fileRef = 426DF84E1D081E930032373A /* ViewController.swift */; };
		426DF8521D081E930032373A /* Main.storyboard in Resources */ = {isa = PBXBuildFile; fileRef = 426DF8501D081E930032373A /* Main.storyboard */; };
		426DF8541D081E930032373A /* Assets.xcassets in Resources */ = {isa = PBXBuildFile; fileRef = 426DF8531D081E930032373A /* Assets.xcassets */; };
		426DF8571D081E930032373A /* LaunchScreen.storyboard in Resources */ = {isa = PBXBuildFile; fileRef = 426DF8551D081E930032373A /* LaunchScreen.storyboard */; };
		426DF85F1D0834BB0032373A /* pokemon.csv in Resources */ = {isa = PBXBuildFile; fileRef = 426DF85E1D0834BB0032373A /* pokemon.csv */; };
		426DF8621D083A970032373A /* Pokemon.swift in Sources */ = {isa = PBXBuildFile; fileRef = 426DF8611D083A970032373A /* Pokemon.swift */; };
		426DF8651D084D770032373A /* pokemonCell.swift in Sources */ = {isa = PBXBuildFile; fileRef = 426DF8641D084D770032373A /* pokemonCell.swift */; };
		426DF8671D0874D30032373A /* csv.swift in Sources */ = {isa = PBXBuildFile; fileRef = 426DF8661D0874D30032373A /* csv.swift */; };
		426DF86C1D087E770032373A /* Pokemon Solid.ttf in Resources */ = {isa = PBXBuildFile; fileRef = 426DF86B1D087E770032373A /* Pokemon Solid.ttf */; };
		426DF86E1D0884E30032373A /* music.mp3 in Resources */ = {isa = PBXBuildFile; fileRef = 426DF86D1D0884E30032373A /* music.mp3 */; };
/* End PBXBuildFile section */

/* Begin PBXFileReference section */
		426DF8491D081E930032373A /* Pokedex.app */ = {isa = PBXFileReference; explicitFileType = wrapper.application; includeInIndex = 0; path = Pokedex.app; sourceTree = BUILT_PRODUCTS_DIR; };
		426DF84C1D081E930032373A /* AppDelegate.swift */ = {isa = PBXFileReference; lastKnownFileType = sourcecode.swift; path = AppDelegate.swift; sourceTree = "<group>"; };
		426DF84E1D081E930032373A /* ViewController.swift */ = {isa = PBXFileReference; lastKnownFileType = sourcecode.swift; path = ViewController.swift; sourceTree = "<group>"; };
		426DF8511D081E930032373A /* Base */ = {isa = PBXFileReference; lastKnownFileType = file.storyboard; name = Base; path = Base.lproj/Main.storyboard; sourceTree = "<group>"; };
		426DF8531D081E930032373A /* Assets.xcassets */ = {isa = PBXFileReference; lastKnownFileType = folder.assetcatalog; path = Assets.xcassets; sourceTree = "<group>"; };
		426DF8561D081E930032373A /* Base */ = {isa = PBXFileReference; lastKnownFileType = file.storyboard; name = Base; path = Base.lproj/LaunchScreen.storyboard; sourceTree = "<group>"; };
		426DF8581D081E930032373A /* Info.plist */ = {isa = PBXFileReference; lastKnownFileType = text.plist.xml; path = Info.plist; sourceTree = "<group>"; };
		426DF85E1D0834BB0032373A /* pokemon.csv */ = {isa = PBXFileReference; fileEncoding = 4; lastKnownFileType = text; path = pokemon.csv; sourceTree = "<group>"; };
		426DF8611D083A970032373A /* Pokemon.swift */ = {isa = PBXFileReference; fileEncoding = 4; lastKnownFileType = sourcecode.swift; path = Pokemon.swift; sourceTree = "<group>"; };
		426DF8641D084D770032373A /* pokemonCell.swift */ = {isa = PBXFileReference; fileEncoding = 4; lastKnownFileType = sourcecode.swift; path = pokemonCell.swift; sourceTree = "<group>"; };
		426DF8661D0874D30032373A /* csv.swift */ = {isa = PBXFileReference; fileEncoding = 4; lastKnownFileType = sourcecode.swift; path = csv.swift; sourceTree = "<group>"; };
		426DF86B1D087E770032373A /* Pokemon Solid.ttf */ = {isa = PBXFileReference; lastKnownFileType = file; path = "Pokemon Solid.ttf"; sourceTree = "<group>"; };
		426DF86D1D0884E30032373A /* music.mp3 */ = {isa = PBXFileReference; lastKnownFileType = audio.mp3; path = music.mp3; sourceTree = "<group>"; };
/* End PBXFileReference section */

/* Begin PBXFrameworksBuildPhase section */
		426DF8461D081E930032373A /* Frameworks */ = {
			isa = PBXFrameworksBuildPhase;
			buildActionMask = 2147483647;
			files = (
			);
			runOnlyForDeploymentPostprocessing = 0;
		};
/* End PBXFrameworksBuildPhase section */

/* Begin PBXGroup section */
		426DF8401D081E930032373A = {
			isa = PBXGroup;
			children = (
				426DF84B1D081E930032373A /* Pokedex */,
				426DF84A1D081E930032373A /* Products */,
			);
			sourceTree = "<group>";
		};
		426DF84A1D081E930032373A /* Products */ = {
			isa = PBXGroup;
			children = (
				426DF8491D081E930032373A /* Pokedex.app */,
			);
			name = Products;
			sourceTree = "<group>";
		};
		426DF84B1D081E930032373A /* Pokedex */ = {
			isa = PBXGroup;
			children = (
				426DF8601D083A710032373A /* Model */,
				426DF84C1D081E930032373A /* AppDelegate.swift */,
				426DF8631D084D510032373A /* View */,
				426DF86A1D0875230032373A /* Controller */,
				426DF8691D0875170032373A /* Zasoby */,
				426DF8681D0874DE0032373A /* Dodatki */,
				426DF8531D081E930032373A /* Assets.xcassets */,
				426DF8551D081E930032373A /* LaunchScreen.storyboard */,
				426DF8581D081E930032373A /* Info.plist */,
			);
			path = Pokedex;
			sourceTree = "<group>";
		};
		426DF8601D083A710032373A /* Model */ = {
			isa = PBXGroup;
			children = (
				426DF8611D083A970032373A /* Pokemon.swift */,
			);
			name = Model;
			sourceTree = "<group>";
		};
		426DF8631D084D510032373A /* View */ = {
			isa = PBXGroup;
			children = (
				426DF8641D084D770032373A /* pokemonCell.swift */,
				426DF8501D081E930032373A /* Main.storyboard */,
			);
			name = View;
			sourceTree = "<group>";
		};
		426DF8681D0874DE0032373A /* Dodatki */ = {
			isa = PBXGroup;
			children = (
				426DF8661D0874D30032373A /* csv.swift */,
			);
			name = Dodatki;
			sourceTree = "<group>";
		};
		426DF8691D0875170032373A /* Zasoby */ = {
			isa = PBXGroup;
			children = (
				426DF86D1D0884E30032373A /* music.mp3 */,
				426DF86B1D087E770032373A /* Pokemon Solid.ttf */,
				426DF85E1D0834BB0032373A /* pokemon.csv */,
			);
			name = Zasoby;
			sourceTree = "<group>";
		};
		426DF86A1D0875230032373A /* Controller */ = {
			isa = PBXGroup;
			children = (
				426DF84E1D081E930032373A /* ViewController.swift */,
			);
			name = Controller;
			sourceTree = "<group>";
		};
/* End PBXGroup section */

/* Begin PBXNativeTarget section */
		426DF8481D081E930032373A /* Pokedex */ = {
			isa = PBXNativeTarget;
			buildConfigurationList = 426DF85B1D081E930032373A /* Build configuration list for PBXNativeTarget "Pokedex" */;
			buildPhases = (
				426DF8451D081E930032373A /* Sources */,
				426DF8461D081E930032373A /* Frameworks */,
				426DF8471D081E930032373A /* Resources */,
			);
			buildRules = (
			);
			dependencies = (
			);
			name = Pokedex;
			productName = Pokedex;
			productReference = 426DF8491D081E930032373A /* Pokedex.app */;
			productType = "com.apple.product-type.application";
		};
/* End PBXNativeTarget section */

/* Begin PBXProject section */
		426DF8411D081E930032373A /* Project object */ = {
			isa = PBXProject;
			attributes = {
				LastSwiftUpdateCheck = 0730;
				LastUpgradeCheck = 0730;
				ORGANIZATIONNAME = "Kamil Wójcik";
				TargetAttributes = {
					426DF8481D081E930032373A = {
						CreatedOnToolsVersion = 7.3;
					};
				};
			};
			buildConfigurationList = 426DF8441D081E930032373A /* Build configuration list for PBXProject "Pokedex" */;
			compatibilityVersion = "Xcode 3.2";
			developmentRegion = English;
			hasScannedForEncodings = 0;
			knownRegions = (
				en,
				Base,
			);
			mainGroup = 426DF8401D081E930032373A;
			productRefGroup = 426DF84A1D081E930032373A /* Products */;
			projectDirPath = "";
			projectRoot = "";
			targets = (
				426DF8481D081E930032373A /* Pokedex */,
			);
		};
/* End PBXProject section */

/* Begin PBXResourcesBuildPhase section */
		426DF8471D081E930032373A /* Resources */ = {
			isa = PBXResourcesBuildPhase;
			buildActionMask = 2147483647;
			files = (
				426DF86C1D087E770032373A /* Pokemon Solid.ttf in Resources */,
				426DF8571D081E930032373A /* LaunchScreen.storyboard in Resources */,
				426DF86E1D0884E30032373A /* music.mp3 in Resources */,
				426DF8541D081E930032373A /* Assets.xcassets in Resources */,
				426DF85F1D0834BB0032373A /* pokemon.csv in Resources */,
				426DF8521D081E930032373A /* Main.storyboard in Resources */,
			);
			runOnlyForDeploymentPostprocessing = 0;
		};
/* End PBXResourcesBuildPhase section */

/* Begin PBXSourcesBuildPhase section */
		426DF8451D081E930032373A /* Sources */ = {
			isa = PBXSourcesBuildPhase;
			buildActionMask = 2147483647;
			files = (
				426DF84F1D081E930032373A /* ViewController.swift in Sources */,
				426DF8651D084D770032373A /* pokemonCell.swift in Sources */,
				426DF84D1D081E930032373A /* AppDelegate.swift in Sources */,
				426DF8621D083A970032373A /* Pokemon.swift in Sources */,
				426DF8671D0874D30032373A /* csv.swift in Sources */,
			);
			runOnlyForDeploymentPostprocessing = 0;
		};
/* End PBXSourcesBuildPhase section */

/* Begin PBXVariantGroup section */
		426DF8501D081E930032373A /* Main.storyboard */ = {
			isa = PBXVariantGroup;
			children = (
				426DF8511D081E930032373A /* Base */,
			);
			name = Main.storyboard;
			sourceTree = "<group>";
		};
		426DF8551D081E930032373A /* LaunchScreen.storyboard */ = {
			isa = PBXVariantGroup;
			children = (
				426DF8561D081E930032373A /* Base */,
			);
			name = LaunchScreen.storyboard;
			sourceTree = "<group>";
		};
/* End PBXVariantGroup section */

/* Begin XCBuildConfiguration section */
		426DF8591D081E930032373A /* Debug */ = {
			isa = XCBuildConfiguration;
			buildSettings = {
				ALWAYS_SEARCH_USER_PATHS = NO;
				CLANG_ANALYZER_NONNULL = YES;
				CLANG_CXX_LANGUAGE_STANDARD = "gnu++0x";
				CLANG_CXX_LIBRARY = "libc++";
				CLANG_ENABLE_MODULES = YES;
				CLANG_ENABLE_OBJC_ARC = YES;
				CLANG_WARN_BOOL_CONVERSION = YES;
				CLANG_WARN_CONSTANT_CONVERSION = YES;
				CLANG_WARN_DIRECT_OBJC_ISA_USAGE = YES_ERROR;
				CLANG_WARN_EMPTY_BODY = YES;
				CLANG_WARN_ENUM_CONVERSION = YES;
				CLANG_WARN_INT_CONVERSION = YES;
				CLANG_WARN_OBJC_ROOT_CLASS = YES_ERROR;
				CLANG_WARN_UNREACHABLE_CODE = YES;
				CLANG_WARN__DUPLICATE_METHOD_MATCH = YES;
				"CODE_SIGN_IDENTITY[sdk=iphoneos*]" = "iPhone Developer";
				COPY_PHASE_STRIP = NO;
				DEBUG_INFORMATION_FORMAT = dwarf;
				ENABLE_STRICT_OBJC_MSGSEND = YES;
				ENABLE_TESTABILITY = YES;
				GCC_C_LANGUAGE_STANDARD = gnu99;
				GCC_DYNAMIC_NO_PIC = NO;
				GCC_NO_COMMON_BLOCKS = YES;
				GCC_OPTIMIZATION_LEVEL = 0;
				GCC_PREPROCESSOR_DEFINITIONS = (
					"DEBUG=1",
					"$(inherited)",
				);
				GCC_WARN_64_TO_32_BIT_CONVERSION = YES;
				GCC_WARN_ABOUT_RETURN_TYPE = YES_ERROR;
				GCC_WARN_UNDECLARED_SELECTOR = YES;
				GCC_WARN_UNINITIALIZED_AUTOS = YES_AGGRESSIVE;
				GCC_WARN_UNUSED_FUNCTION = YES;
				GCC_WARN_UNUSED_VARIABLE = YES;
				IPHONEOS_DEPLOYMENT_TARGET = 9.3;
				MTL_ENABLE_DEBUG_INFO = YES;
				ONLY_ACTIVE_ARCH = YES;
				SDKROOT = iphoneos;
				SWIFT_OPTIMIZATION_LEVEL = "-Onone";
			};
			name = Debug;
		};
		426DF85A1D081E930032373A /* Release */ = {
			isa = XCBuildConfiguration;
			buildSettings = {
				ALWAYS_SEARCH_USER_PATHS = NO;
				CLANG_ANALYZER_NONNULL = YES;
				CLANG_CXX_LANGUAGE_STANDARD = "gnu++0x";
				CLANG_CXX_LIBRARY = "libc++";
				CLANG_ENABLE_MODULES = YES;
				CLANG_ENABLE_OBJC_ARC = YES;
				CLANG_WARN_BOOL_CONVERSION = YES;
				CLANG_WARN_CONSTANT_CONVERSION = YES;
				CLANG_WARN_DIRECT_OBJC_ISA_USAGE = YES_ERROR;
				CLANG_WARN_EMPTY_BODY = YES;
				CLANG_WARN_ENUM_CONVERSION = YES;
				CLANG_WARN_INT_CONVERSION = YES;
				CLANG_WARN_OBJC_ROOT_CLASS = YES_ERROR;
				CLANG_WARN_UNREACHABLE_CODE = YES;
				CLANG_WARN__DUPLICATE_METHOD_MATCH = YES;
				"CODE_SIGN_IDENTITY[sdk=iphoneos*]" = "iPhone Developer";
				COPY_PHASE_STRIP = NO;
				DEBUG_INFORMATION_FORMAT = "dwarf-with-dsym";
				ENABLE_NS_ASSERTIONS = NO;
				ENABLE_STRICT_OBJC_MSGSEND = YES;
				GCC_C_LANGUAGE_STANDARD = gnu99;
				GCC_NO_COMMON_BLOCKS = YES;
				GCC_WARN_64_TO_32_BIT_CONVERSION = YES;
				GCC_WARN_ABOUT_RETURN_TYPE = YES_ERROR;
				GCC_WARN_UNDECLARED_SELECTOR = YES;
				GCC_WARN_UNINITIALIZED_AUTOS = YES_AGGRESSIVE;
				GCC_WARN_UNUSED_FUNCTION = YES;
				GCC_WARN_UNUSED_VARIABLE = YES;
				IPHONEOS_DEPLOYMENT_TARGET = 9.3;
				MTL_ENABLE_DEBUG_INFO = NO;
				SDKROOT = iphoneos;
				VALIDATE_PRODUCT = YES;
			};
			name = Release;
		};
		426DF85C1D081E930032373A /* Debug */ = {
			isa = XCBuildConfiguration;
			buildSettings = {
				ASSETCATALOG_COMPILER_APPICON_NAME = AppIcon;
				INFOPLIST_FILE = Pokedex/Info.plist;
				LD_RUNPATH_SEARCH_PATHS = "$(inherited) @executable_path/Frameworks";
				PRODUCT_BUNDLE_IDENTIFIER = none.Pokedex;
				PRODUCT_NAME = "$(TARGET_NAME)";
			};
			name = Debug;
		};
		426DF85D1D081E930032373A /* Release */ = {
			isa = XCBuildConfiguration;
			buildSettings = {
				ASSETCATALOG_COMPILER_APPICON_NAME = AppIcon;
				INFOPLIST_FILE = Pokedex/Info.plist;
				LD_RUNPATH_SEARCH_PATHS = "$(inherited) @executable_path/Frameworks";
				PRODUCT_BUNDLE_IDENTIFIER = none.Pokedex;
				PRODUCT_NAME = "$(TARGET_NAME)";
			};
			name = Release;
		};
/* End XCBuildConfiguration section */

/* Begin XCConfigurationList section */
		426DF8441D081E930032373A /* Build configuration list for PBXProject "Pokedex" */ = {
			isa = XCConfigurationList;
			buildConfigurations = (
				426DF8591D081E930032373A /* Debug */,
				426DF85A1D081E930032373A /* Release */,
			);
			defaultConfigurationIsVisible = 0;
			defaultConfigurationName = Release;
		};
		426DF85B1D081E930032373A /* Build configuration list for PBXNativeTarget "Pokedex" */ = {
			isa = XCConfigurationList;
			buildConfigurations = (
				426DF85C1D081E930032373A /* Debug */,
				426DF85D1D081E930032373A /* Release */,
			);
			defaultConfigurationIsVisible = 0;
		};
/* End XCConfigurationList section */
	};
	rootObject = 426DF8411D081E930032373A /* Project object */;
}
